
Microsoft Visual Studio Solution File, Format Version 12.00
# Visual Studio Version 17
VisualStudioVersion = 17.4.33103.184
MinimumVisualStudioVersion = 10.0.40219.1
Project("{FAE04EC0-301F-11D3-BF4B-00C04F79EFBC}") = "asm", "asm\asm.csproj", "{0E290568-006C-42C7-92C7-59CB3A3650ED}"
EndProject
Global
	GlobalSection(SolutionConfigurationPlatforms) = preSolution
		Debug|Any CPU = Debug|Any CPU
		Release|Any CPU = Release|Any CPU
	EndGlobalSection
	GlobalSection(ProjectConfigurationPlatforms) = postSolution
		{0E290568-006C-42C7-92C7-59CB3A3650ED}.Debug|Any CPU.ActiveCfg = Debug|Any CPU
		{0E290568-006C-42C7-92C7-59CB3A3650ED}.Debug|Any CPU.Build.0 = Debug|Any CPU
		{0E290568-006C-42C7-92C7-59CB3A3650ED}.Release|Any CPU.ActiveCfg = Release|Any CPU
		{0E290568-006C-42C7-92C7-59CB3A3650ED}.Release|Any CPU.Build.0 = Release|Any CPU
	EndGlobalSection
	GlobalSection(SolutionProperties) = preSolution
		HideSolutionNode = FALSE
	EndGlobalSection
	GlobalSection(ExtensibilityGlobals) = postSolution
		SolutionGuid = {428FFE24-E068-44E1-A0B8-0934FC55E9F7}
	EndGlobalSection
EndGlobal
